{
  "name": "encrypted-firestore",
  "version": "1.0.0",
  "lockfileVersion": 1,
  "requires": true,
  "dependencies": {
    "@stablelib/base64": {
      "version": "1.0.0",
      "resolved": "https://registry.npmjs.org/@stablelib/base64/-/base64-1.0.0.tgz",
      "integrity": "sha512-s/wTc/3+vYSalh4gfayJrupzhT7SDBqNtiYOeEMlkSDqL/8cExh5FAeTzLpmYq+7BLLv36EjBL5xrb0bUHWJWQ=="
    },
    "@stablelib/utf8": {
      "version": "1.0.0",
      "resolved": "https://registry.npmjs.org/@stablelib/utf8/-/utf8-1.0.0.tgz",
      "integrity": "sha512-Y8QWrK4T0yW0HMFfSI3ZaMHKV37q27hX5ilsmKV358x01mzYfj5fwIf2LjzTlF+UIemHEXSlSN9XJnv1ML4znQ=="
    },
    "tweetnacl": {
      "version": "1.0.3",
      "resolved": "https://registry.npmjs.org/tweetnacl/-/tweetnacl-1.0.3.tgz",
      "integrity": "sha512-6rt+RN7aOi1nGMyC4Xa5DdYiukl2UWCbcJft7YhxReBGQD7OAM8Pbxw6YMo4r2diNEA8FEmu32YOn9rhaiE5yw=="
    },
    "typescript": {
      "version": "3.8.3",
      "resolved": "https://registry.npmjs.org/typescript/-/typescript-3.8.3.tgz",
      "integrity": "sha512-MYlEfn5VrLNsgudQTVJeNaQFUAI7DkhnOjdpAp4T+ku1TfQClewlbSuTVHiA+8skNBgaf02TL/kLOvig4y3G8w==",
      "dev": true
    }
  }
}
